PODS:
  - SnapKit (4.2.0)
  - YSExtensions (0.1.3):
    - SnapKit

DEPENDENCIES:
  - YSExtensions (from `../`)

SPEC REPOS:
  trunk:
    - SnapKit

EXTERNAL SOURCES:
  YSExtensions:
    :path: "../"

SPEC CHECKSUMS:
  SnapKit: fe8a619752f3f27075cc9a90244d75c6c3f27e2a
  YSExtensions: d7c7f97009c22ce53c4a87b47351ede4e4b68e81

PODFILE CHECKSUM: 571bdf81503473e446fd9a3f5ca77aa54f834af8

COCOAPODS: 1.10.1
